// !$*UTF8*$!
{
	archiveVersion = 1;
	classes = {
	};
	objectVersion = 48;
	objects = {

/* Begin PBXBuildFile section */
		07733D06201007490026F582 /* AppDelegate.swift in Sources */ = {isa = PBXBuildFile; fileRef = 07733D05201007490026F582 /* AppDelegate.swift */; };
		07733D08201007490026F582 /* ViewController.swift in Sources */ = {isa = PBXBuildFile; fileRef = 07733D07201007490026F582 /* ViewController.swift */; };
		07733D0B201007490026F582 /* Main.storyboard in Resources */ = {isa = PBXBuildFile; fileRef = 07733D09201007490026F582 /* Main.storyboard */; };
		07733D0D201007490026F582 /* Assets.xcassets in Resources */ = {isa = PBXBuildFile; fileRef = 07733D0C201007490026F582 /* Assets.xcassets */; };
		07733D10201007490026F582 /* LaunchScreen.storyboard in Resources */ = {isa = PBXBuildFile; fileRef = 07733D0E201007490026F582 /* LaunchScreen.storyboard */; };
		07733D1B201007490026F582 /* slaptrackTests.swift in Sources */ = {isa = PBXBuildFile; fileRef = 07733D1A201007490026F582 /* slaptrackTests.swift */; };
		07733D26201007490026F582 /* slaptrackUITests.swift in Sources */ = {isa = PBXBuildFile; fileRef = 07733D25201007490026F582 /* slaptrackUITests.swift */; };
		07733D2B201007490026F582 /* slaptrack WatchKit App.app in Embed Watch Content */ = {isa = PBXBuildFile; fileRef = 07733D2A201007490026F582 /* slaptrack WatchKit App.app */; };
		07733D31201007490026F582 /* Interface.storyboard in Resources */ = {isa = PBXBuildFile; fileRef = 07733D2F201007490026F582 /* Interface.storyboard */; };
		07733D33201007490026F582 /* Assets.xcassets in Resources */ = {isa = PBXBuildFile; fileRef = 07733D32201007490026F582 /* Assets.xcassets */; };
		07733D3A201007490026F582 /* slaptrack WatchKit Extension.appex in Embed App Extensions */ = {isa = PBXBuildFile; fileRef = 07733D39201007490026F582 /* slaptrack WatchKit Extension.appex */; settings = {ATTRIBUTES = (RemoveHeadersOnCopy, ); }; };
		07733D3F201007490026F582 /* InterfaceController.swift in Sources */ = {isa = PBXBuildFile; fileRef = 07733D3E201007490026F582 /* InterfaceController.swift */; };
		07733D41201007490026F582 /* ExtensionDelegate.swift in Sources */ = {isa = PBXBuildFile; fileRef = 07733D40201007490026F582 /* ExtensionDelegate.swift */; };
		07733D43201007490026F582 /* NotificationController.swift in Sources */ = {isa = PBXBuildFile; fileRef = 07733D42201007490026F582 /* NotificationController.swift */; };
		07733D45201007490026F582 /* Assets.xcassets in Resources */ = {isa = PBXBuildFile; fileRef = 07733D44201007490026F582 /* Assets.xcassets */; };
/* End PBXBuildFile section */

/* Begin PBXContainerItemProxy section */
		07733D17201007490026F582 /* PBXContainerItemProxy */ = {
			isa = PBXContainerItemProxy;
			containerPortal = 07733CFA201007490026F582 /* Project object */;
			proxyType = 1;
			remoteGlobalIDString = 07733D01201007490026F582;
			remoteInfo = slaptrack;
		};
		07733D22201007490026F582 /* PBXContainerItemProxy */ = {
			isa = PBXContainerItemProxy;
			containerPortal = 07733CFA201007490026F582 /* Project object */;
			proxyType = 1;
			remoteGlobalIDString = 07733D01201007490026F582;
			remoteInfo = slaptrack;
		};
		07733D2C201007490026F582 /* PBXContainerItemProxy */ = {
			isa = PBXContainerItemProxy;
			containerPortal = 07733CFA201007490026F582 /* Project object */;
			proxyType = 1;
			remoteGlobalIDString = 07733D29201007490026F582;
			remoteInfo = "slaptrack WatchKit App";
		};
		07733D3B201007490026F582 /* PBXContainerItemProxy */ = {
			isa = PBXContainerItemProxy;
			containerPortal = 07733CFA201007490026F582 /* Project object */;
			proxyType = 1;
			remoteGlobalIDString = 07733D38201007490026F582;
			remoteInfo = "slaptrack WatchKit Extension";
		};
/* End PBXContainerItemProxy section */

/* Begin PBXCopyFilesBuildPhase section */
		07733D4D201007490026F582 /* Embed App Extensions */ = {
			isa = PBXCopyFilesBuildPhase;
			buildActionMask = 2147483647;
			dstPath = "";
			dstSubfolderSpec = 13;
			files = (
				07733D3A201007490026F582 /* slaptrack WatchKit Extension.appex in Embed App Extensions */,
			);
			name = "Embed App Extensions";
			runOnlyForDeploymentPostprocessing = 0;
		};
		07733D51201007490026F582 /* Embed Watch Content */ = {
			isa = PBXCopyFilesBuildPhase;
			buildActionMask = 2147483647;
			dstPath = "$(CONTENTS_FOLDER_PATH)/Watch";
			dstSubfolderSpec = 16;
			files = (
				07733D2B201007490026F582 /* slaptrack WatchKit App.app in Embed Watch Content */,
			);
			name = "Embed Watch Content";
			runOnlyForDeploymentPostprocessing = 0;
		};
/* End PBXCopyFilesBuildPhase section */

/* Begin PBXFileReference section */
		07733D02201007490026F582 /* slaptrack.app */ = {isa = PBXFileReference; explicitFileType = wrapper.application; includeInIndex = 0; path = slaptrack.app; sourceTree = BUILT_PRODUCTS_DIR; };
		07733D05201007490026F582 /* AppDelegate.swift */ = {isa = PBXFileReference; lastKnownFileType = sourcecode.swift; path = AppDelegate.swift; sourceTree = "<group>"; };
		07733D07201007490026F582 /* ViewController.swift */ = {isa = PBXFileReference; lastKnownFileType = sourcecode.swift; path = ViewController.swift; sourceTree = "<group>"; };
		07733D0A201007490026F582 /* Base */ = {isa = PBXFileReference; lastKnownFileType = file.storyboard; name = Base; path = Base.lproj/Main.storyboard; sourceTree = "<group>"; };
		07733D0C201007490026F582 /* Assets.xcassets */ = {isa = PBXFileReference; lastKnownFileType = folder.assetcatalog; path = Assets.xcassets; sourceTree = "<group>"; };
		07733D0F201007490026F582 /* Base */ = {isa = PBXFileReference; lastKnownFileType = file.storyboard; name = Base; path = Base.lproj/LaunchScreen.storyboard; sourceTree = "<group>"; };
		07733D11201007490026F582 /* Info.plist */ = {isa = PBXFileReference; lastKnownFileType = text.plist.xml; path = Info.plist; sourceTree = "<group>"; };
		07733D16201007490026F582 /* slaptrackTests.xctest */ = {isa = PBXFileReference; explicitFileType = wrapper.cfbundle; includeInIndex = 0; path = slaptrackTests.xctest; sourceTree = BUILT_PRODUCTS_DIR; };
		07733D1A201007490026F582 /* slaptrackTests.swift */ = {isa = PBXFileReference; lastKnownFileType = sourcecode.swift; path = slaptrackTests.swift; sourceTree = "<group>"; };
		07733D1C201007490026F582 /* Info.plist */ = {isa = PBXFileReference; lastKnownFileType = text.plist.xml; path = Info.plist; sourceTree = "<group>"; };
		07733D21201007490026F582 /* slaptrackUITests.xctest */ = {isa = PBXFileReference; explicitFileType = wrapper.cfbundle; includeInIndex = 0; path = slaptrackUITests.xctest; sourceTree = BUILT_PRODUCTS_DIR; };
		07733D25201007490026F582 /* slaptrackUITests.swift */ = {isa = PBXFileReference; lastKnownFileType = sourcecode.swift; path = slaptrackUITests.swift; sourceTree = "<group>"; };
		07733D27201007490026F582 /* Info.plist */ = {isa = PBXFileReference; lastKnownFileType = text.plist.xml; path = Info.plist; sourceTree = "<group>"; };
		07733D2A201007490026F582 /* slaptrack WatchKit App.app */ = {isa = PBXFileReference; explicitFileType = wrapper.application; includeInIndex = 0; path = "slaptrack WatchKit App.app"; sourceTree = BUILT_PRODUCTS_DIR; };
		07733D30201007490026F582 /* Base */ = {isa = PBXFileReference; lastKnownFileType = file.storyboard; name = Base; path = Base.lproj/Interface.storyboard; sourceTree = "<group>"; };
		07733D32201007490026F582 /* Assets.xcassets */ = {isa = PBXFileReference; lastKnownFileType = folder.assetcatalog; path = Assets.xcassets; sourceTree = "<group>"; };
		07733D34201007490026F582 /* Info.plist */ = {isa = PBXFileReference; lastKnownFileType = text.plist.xml; path = Info.plist; sourceTree = "<group>"; };
		07733D39201007490026F582 /* slaptrack WatchKit Extension.appex */ = {isa = PBXFileReference; explicitFileType = "wrapper.app-extension"; includeInIndex = 0; path = "slaptrack WatchKit Extension.appex"; sourceTree = BUILT_PRODUCTS_DIR; };
		07733D3E201007490026F582 /* InterfaceController.swift */ = {isa = PBXFileReference; lastKnownFileType = sourcecode.swift; path = InterfaceController.swift; sourceTree = "<group>"; };
		07733D40201007490026F582 /* ExtensionDelegate.swift */ = {isa = PBXFileReference; lastKnownFileType = sourcecode.swift; path = ExtensionDelegate.swift; sourceTree = "<group>"; };
		07733D42201007490026F582 /* NotificationController.swift */ = {isa = PBXFileReference; lastKnownFileType = sourcecode.swift; path = NotificationController.swift; sourceTree = "<group>"; };
		07733D44201007490026F582 /* Assets.xcassets */ = {isa = PBXFileReference; lastKnownFileType = folder.assetcatalog; path = Assets.xcassets; sourceTree = "<group>"; };
		07733D46201007490026F582 /* Info.plist */ = {isa = PBXFileReference; lastKnownFileType = text.plist.xml; path = Info.plist; sourceTree = "<group>"; };
		07733D47201007490026F582 /* PushNotificationPayload.apns */ = {isa = PBXFileReference; lastKnownFileType = text; path = PushNotificationPayload.apns; sourceTree = "<group>"; };
/* End PBXFileReference section */

/* Begin PBXFrameworksBuildPhase section */
		07733CFF201007490026F582 /* Frameworks */ = {
			isa = PBXFrameworksBuildPhase;
			buildActionMask = 2147483647;
			files = (
			);
			runOnlyForDeploymentPostprocessing = 0;
		};
		07733D13201007490026F582 /* Frameworks */ = {
			isa = PBXFrameworksBuildPhase;
			buildActionMask = 2147483647;
			files = (
			);
			runOnlyForDeploymentPostprocessing = 0;
		};
		07733D1E201007490026F582 /* Frameworks */ = {
			isa = PBXFrameworksBuildPhase;
			buildActionMask = 2147483647;
			files = (
			);
			runOnlyForDeploymentPostprocessing = 0;
		};
		07733D36201007490026F582 /* Frameworks */ = {
			isa = PBXFrameworksBuildPhase;
			buildActionMask = 2147483647;
			files = (
			);
			runOnlyForDeploymentPostprocessing = 0;
		};
/* End PBXFrameworksBuildPhase section */

/* Begin PBXGroup section */
		07733CF9201007490026F582 = {
			isa = PBXGroup;
			children = (
				07733D04201007490026F582 /* slaptrack */,
				07733D19201007490026F582 /* slaptrackTests */,
				07733D24201007490026F582 /* slaptrackUITests */,
				07733D2E201007490026F582 /* slaptrack WatchKit App */,
				07733D3D201007490026F582 /* slaptrack WatchKit Extension */,
				07733D03201007490026F582 /* Products */,
			);
			sourceTree = "<group>";
		};
		07733D03201007490026F582 /* Products */ = {
			isa = PBXGroup;
			children = (
				07733D02201007490026F582 /* slaptrack.app */,
				07733D16201007490026F582 /* slaptrackTests.xctest */,
				07733D21201007490026F582 /* slaptrackUITests.xctest */,
				07733D2A201007490026F582 /* slaptrack WatchKit App.app */,
				07733D39201007490026F582 /* slaptrack WatchKit Extension.appex */,
			);
			name = Products;
			sourceTree = "<group>";
		};
		07733D04201007490026F582 /* slaptrack */ = {
			isa = PBXGroup;
			children = (
				07733D05201007490026F582 /* AppDelegate.swift */,
				07733D07201007490026F582 /* ViewController.swift */,
				07733D09201007490026F582 /* Main.storyboard */,
				07733D0C201007490026F582 /* Assets.xcassets */,
				07733D0E201007490026F582 /* LaunchScreen.storyboard */,
				07733D11201007490026F582 /* Info.plist */,
			);
			path = slaptrack;
			sourceTree = "<group>";
		};
		07733D19201007490026F582 /* slaptrackTests */ = {
			isa = PBXGroup;
			children = (
				07733D1A201007490026F582 /* slaptrackTests.swift */,
				07733D1C201007490026F582 /* Info.plist */,
			);
			path = slaptrackTests;
			sourceTree = "<group>";
		};
		07733D24201007490026F582 /* slaptrackUITests */ = {
			isa = PBXGroup;
			children = (
				07733D25201007490026F582 /* slaptrackUITests.swift */,
				07733D27201007490026F582 /* Info.plist */,
			);
			path = slaptrackUITests;
			sourceTree = "<group>";
		};
		07733D2E201007490026F582 /* slaptrack WatchKit App */ = {
			isa = PBXGroup;
			children = (
				07733D2F201007490026F582 /* Interface.storyboard */,
				07733D32201007490026F582 /* Assets.xcassets */,
				07733D34201007490026F582 /* Info.plist */,
			);
			path = "slaptrack WatchKit App";
			sourceTree = "<group>";
		};
		07733D3D201007490026F582 /* slaptrack WatchKit Extension */ = {
			isa = PBXGroup;
			children = (
				07733D3E201007490026F582 /* InterfaceController.swift */,
				07733D40201007490026F582 /* ExtensionDelegate.swift */,
				07733D42201007490026F582 /* NotificationController.swift */,
				07733D44201007490026F582 /* Assets.xcassets */,
				07733D46201007490026F582 /* Info.plist */,
				07733D47201007490026F582 /* PushNotificationPayload.apns */,
			);
			path = "slaptrack WatchKit Extension";
			sourceTree = "<group>";
		};
/* End PBXGroup section */

/* Begin PBXNativeTarget section */
		07733D01201007490026F582 /* slaptrack */ = {
			isa = PBXNativeTarget;
			buildConfigurationList = 07733D52201007490026F582 /* Build configuration list for PBXNativeTarget "slaptrack" */;
			buildPhases = (
				07733CFE201007490026F582 /* Sources */,
				07733CFF201007490026F582 /* Frameworks */,
				07733D00201007490026F582 /* Resources */,
				07733D51201007490026F582 /* Embed Watch Content */,
			);
			buildRules = (
			);
			dependencies = (
				07733D2D201007490026F582 /* PBXTargetDependency */,
			);
			name = slaptrack;
			productName = slaptrack;
			productReference = 07733D02201007490026F582 /* slaptrack.app */;
			productType = "com.apple.product-type.application";
		};
		07733D15201007490026F582 /* slaptrackTests */ = {
			isa = PBXNativeTarget;
			buildConfigurationList = 07733D55201007490026F582 /* Build configuration list for PBXNativeTarget "slaptrackTests" */;
			buildPhases = (
				07733D12201007490026F582 /* Sources */,
				07733D13201007490026F582 /* Frameworks */,
				07733D14201007490026F582 /* Resources */,
			);
			buildRules = (
			);
			dependencies = (
				07733D18201007490026F582 /* PBXTargetDependency */,
			);
			name = slaptrackTests;
			productName = slaptrackTests;
			productReference = 07733D16201007490026F582 /* slaptrackTests.xctest */;
			productType = "com.apple.product-type.bundle.unit-test";
		};
		07733D20201007490026F582 /* slaptrackUITests */ = {
			isa = PBXNativeTarget;
			buildConfigurationList = 07733D58201007490026F582 /* Build configuration list for PBXNativeTarget "slaptrackUITests" */;
			buildPhases = (
				07733D1D201007490026F582 /* Sources */,
				07733D1E201007490026F582 /* Frameworks */,
				07733D1F201007490026F582 /* Resources */,
			);
			buildRules = (
			);
			dependencies = (
				07733D23201007490026F582 /* PBXTargetDependency */,
			);
			name = slaptrackUITests;
			productName = slaptrackUITests;
			productReference = 07733D21201007490026F582 /* slaptrackUITests.xctest */;
			productType = "com.apple.product-type.bundle.ui-testing";
		};
		07733D29201007490026F582 /* slaptrack WatchKit App */ = {
			isa = PBXNativeTarget;
			buildConfigurationList = 07733D4E201007490026F582 /* Build configuration list for PBXNativeTarget "slaptrack WatchKit App" */;
			buildPhases = (
				07733D28201007490026F582 /* Resources */,
				07733D4D201007490026F582 /* Embed App Extensions */,
			);
			buildRules = (
			);
			dependencies = (
				07733D3C201007490026F582 /* PBXTargetDependency */,
			);
			name = "slaptrack WatchKit App";
			productName = "slaptrack WatchKit App";
			productReference = 07733D2A201007490026F582 /* slaptrack WatchKit App.app */;
			productType = "com.apple.product-type.application.watchapp2";
		};
		07733D38201007490026F582 /* slaptrack WatchKit Extension */ = {
			isa = PBXNativeTarget;
			buildConfigurationList = 07733D4A201007490026F582 /* Build configuration list for PBXNativeTarget "slaptrack WatchKit Extension" */;
			buildPhases = (
				07733D35201007490026F582 /* Sources */,
				07733D36201007490026F582 /* Frameworks */,
				07733D37201007490026F582 /* Resources */,
			);
			buildRules = (
			);
			dependencies = (
			);
			name = "slaptrack WatchKit Extension";
			productName = "slaptrack WatchKit Extension";
			productReference = 07733D39201007490026F582 /* slaptrack WatchKit Extension.appex */;
			productType = "com.apple.product-type.watchkit2-extension";
		};
/* End PBXNativeTarget section */

/* Begin PBXProject section */
		07733CFA201007490026F582 /* Project object */ = {
			isa = PBXProject;
			attributes = {
				LastSwiftUpdateCheck = 0920;
				LastUpgradeCheck = 0920;
				ORGANIZATIONNAME = "Alexander Schülke";
				TargetAttributes = {
					07733D01201007490026F582 = {
						CreatedOnToolsVersion = 9.2;
						ProvisioningStyle = Automatic;
					};
					07733D15201007490026F582 = {
						CreatedOnToolsVersion = 9.2;
						ProvisioningStyle = Automatic;
						TestTargetID = 07733D01201007490026F582;
					};
					07733D20201007490026F582 = {
						CreatedOnToolsVersion = 9.2;
						ProvisioningStyle = Automatic;
						TestTargetID = 07733D01201007490026F582;
					};
					07733D29201007490026F582 = {
						CreatedOnToolsVersion = 9.2;
						ProvisioningStyle = Automatic;
					};
					07733D38201007490026F582 = {
						CreatedOnToolsVersion = 9.2;
						ProvisioningStyle = Automatic;
					};
				};
			};
			buildConfigurationList = 07733CFD201007490026F582 /* Build configuration list for PBXProject "slaptrack" */;
			compatibilityVersion = "Xcode 8.0";
			developmentRegion = en;
			hasScannedForEncodings = 0;
			knownRegions = (
				en,
				Base,
			);
			mainGroup = 07733CF9201007490026F582;
			productRefGroup = 07733D03201007490026F582 /* Products */;
			projectDirPath = "";
			projectRoot = "";
			targets = (
				07733D01201007490026F582 /* slaptrack */,
				07733D15201007490026F582 /* slaptrackTests */,
				07733D20201007490026F582 /* slaptrackUITests */,
				07733D29201007490026F582 /* slaptrack WatchKit App */,
				07733D38201007490026F582 /* slaptrack WatchKit Extension */,
			);
		};
/* End PBXProject section */

/* Begin PBXResourcesBuildPhase section */
		07733D00201007490026F582 /* Resources */ = {
			isa = PBXResourcesBuildPhase;
			buildActionMask = 2147483647;
			files = (
				07733D10201007490026F582 /* LaunchScreen.storyboard in Resources */,
				07733D0D201007490026F582 /* Assets.xcassets in Resources */,
				07733D0B201007490026F582 /* Main.storyboard in Resources */,
			);
			runOnlyForDeploymentPostprocessing = 0;
		};
		07733D14201007490026F582 /* Resources */ = {
			isa = PBXResourcesBuildPhase;
			buildActionMask = 2147483647;
			files = (
			);
			runOnlyForDeploymentPostprocessing = 0;
		};
		07733D1F201007490026F582 /* Resources */ = {
			isa = PBXResourcesBuildPhase;
			buildActionMask = 2147483647;
			files = (
			);
			runOnlyForDeploymentPostprocessing = 0;
		};
		07733D28201007490026F582 /* Resources */ = {
			isa = PBXResourcesBuildPhase;
			buildActionMask = 2147483647;
			files = (
				07733D33201007490026F582 /* Assets.xcassets in Resources */,
				07733D31201007490026F582 /* Interface.storyboard in Resources */,
			);
			runOnlyForDeploymentPostprocessing = 0;
		};
		07733D37201007490026F582 /* Resources */ = {
			isa = PBXResourcesBuildPhase;
			buildActionMask = 2147483647;
			files = (
				07733D45201007490026F582 /* Assets.xcassets in Resources */,
			);
			runOnlyForDeploymentPostprocessing = 0;
		};
/* End PBXResourcesBuildPhase section */

/* Begin PBXSourcesBuildPhase section */
		07733CFE201007490026F582 /* Sources */ = {
			isa = PBXSourcesBuildPhase;
			buildActionMask = 2147483647;
			files = (
				07733D08201007490026F582 /* ViewController.swift in Sources */,
				07733D06201007490026F582 /* AppDelegate.swift in Sources */,
			);
			runOnlyForDeploymentPostprocessing = 0;
		};
		07733D12201007490026F582 /* Sources */ = {
			isa = PBXSourcesBuildPhase;
			buildActionMask = 2147483647;
			files = (
				07733D1B201007490026F582 /* slaptrackTests.swift in Sources */,
			);
			runOnlyForDeploymentPostprocessing = 0;
		};
		07733D1D201007490026F582 /* Sources */ = {
			isa = PBXSourcesBuildPhase;
			buildActionMask = 2147483647;
			files = (
				07733D26201007490026F582 /* slaptrackUITests.swift in Sources */,
			);
			runOnlyForDeploymentPostprocessing = 0;
		};
		07733D35201007490026F582 /* Sources */ = {
			isa = PBXSourcesBuildPhase;
			buildActionMask = 2147483647;
			files = (
				07733D43201007490026F582 /* NotificationController.swift in Sources */,
				07733D41201007490026F582 /* ExtensionDelegate.swift in Sources */,
				07733D3F201007490026F582 /* InterfaceController.swift in Sources */,
			);
			runOnlyForDeploymentPostprocessing = 0;
		};
/* End PBXSourcesBuildPhase section */

/* Begin PBXTargetDependency section */
		07733D18201007490026F582 /* PBXTargetDependency */ = {
			isa = PBXTargetDependency;
			target = 07733D01201007490026F582 /* slaptrack */;
			targetProxy = 07733D17201007490026F582 /* PBXContainerItemProxy */;
		};
		07733D23201007490026F582 /* PBXTargetDependency */ = {
			isa = PBXTargetDependency;
			target = 07733D01201007490026F582 /* slaptrack */;
			targetProxy = 07733D22201007490026F582 /* PBXContainerItemProxy */;
		};
		07733D2D201007490026F582 /* PBXTargetDependency */ = {
			isa = PBXTargetDependency;
			target = 07733D29201007490026F582 /* slaptrack WatchKit App */;
			targetProxy = 07733D2C201007490026F582 /* PBXContainerItemProxy */;
		};
		07733D3C201007490026F582 /* PBXTargetDependency */ = {
			isa = PBXTargetDependency;
			target = 07733D38201007490026F582 /* slaptrack WatchKit Extension */;
			targetProxy = 07733D3B201007490026F582 /* PBXContainerItemProxy */;
		};
/* End PBXTargetDependency section */

/* Begin PBXVariantGroup section */
		07733D09201007490026F582 /* Main.storyboard */ = {
			isa = PBXVariantGroup;
			children = (
				07733D0A201007490026F582 /* Base */,
			);
			name = Main.storyboard;
			sourceTree = "<group>";
		};
		07733D0E201007490026F582 /* LaunchScreen.storyboard */ = {
			isa = PBXVariantGroup;
			children = (
				07733D0F201007490026F582 /* Base */,
			);
			name = LaunchScreen.storyboard;
			sourceTree = "<group>";
		};
		07733D2F201007490026F582 /* Interface.storyboard */ = {
			isa = PBXVariantGroup;
			children = (
				07733D30201007490026F582 /* Base */,
			);
			name = Interface.storyboard;
			sourceTree = "<group>";
		};
/* End PBXVariantGroup section */

/* Begin XCBuildConfiguration section */
		07733D48201007490026F582 /* Debug */ = {
			isa = XCBuildConfiguration;
			buildSettings = {
				ALWAYS_SEARCH_USER_PATHS = NO;
				CLANG_ANALYZER_NONNULL = YES;
				CLANG_ANALYZER_NUMBER_OBJECT_CONVERSION = YES_AGGRESSIVE;
				CLANG_CXX_LANGUAGE_STANDARD = "gnu++14";
				CLANG_CXX_LIBRARY = "libc++";
				CLANG_ENABLE_MODULES = YES;
				CLANG_ENABLE_OBJC_ARC = YES;
				CLANG_WARN_BLOCK_CAPTURE_AUTORELEASING = YES;
				CLANG_WARN_BOOL_CONVERSION = YES;
				CLANG_WARN_COMMA = YES;
				CLANG_WARN_CONSTANT_CONVERSION = YES;
				CLANG_WARN_DIRECT_OBJC_ISA_USAGE = YES_ERROR;
				CLANG_WARN_DOCUMENTATION_COMMENTS = YES;
				CLANG_WARN_EMPTY_BODY = YES;
				CLANG_WARN_ENUM_CONVERSION = YES;
				CLANG_WARN_INFINITE_RECURSION = YES;
				CLANG_WARN_INT_CONVERSION = YES;
				CLANG_WARN_NON_LITERAL_NULL_CONVERSION = YES;
				CLANG_WARN_OBJC_LITERAL_CONVERSION = YES;
				CLANG_WARN_OBJC_ROOT_CLASS = YES_ERROR;
				CLANG_WARN_RANGE_LOOP_ANALYSIS = YES;
				CLANG_WARN_STRICT_PROTOTYPES = YES;
				CLANG_WARN_SUSPICIOUS_MOVE = YES;
				CLANG_WARN_UNGUARDED_AVAILABILITY = YES_AGGRESSIVE;
				CLANG_WARN_UNREACHABLE_CODE = YES;
				CLANG_WARN__DUPLICATE_METHOD_MATCH = YES;
				CODE_SIGN_IDENTITY = "iPhone Developer";
				COPY_PHASE_STRIP = NO;
				DEBUG_INFORMATION_FORMAT = dwarf;
				ENABLE_STRICT_OBJC_MSGSEND = YES;
				ENABLE_TESTABILITY = YES;
				GCC_C_LANGUAGE_STANDARD = gnu11;
				GCC_DYNAMIC_NO_PIC = NO;
				GCC_NO_COMMON_BLOCKS = YES;
				GCC_OPTIMIZATION_LEVEL = 0;
				GCC_PREPROCESSOR_DEFINITIONS = (
					"DEBUG=1",
					"$(inherited)",
				);
				GCC_WARN_64_TO_32_BIT_CONVERSION = YES;
				GCC_WARN_ABOUT_RETURN_TYPE = YES_ERROR;
				GCC_WARN_UNDECLARED_SELECTOR = YES;
				GCC_WARN_UNINITIALIZED_AUTOS = YES_AGGRESSIVE;
				GCC_WARN_UNUSED_FUNCTION = YES;
				GCC_WARN_UNUSED_VARIABLE = YES;
				IPHONEOS_DEPLOYMENT_TARGET = 11.2;
				MTL_ENABLE_DEBUG_INFO = YES;
				ONLY_ACTIVE_ARCH = YES;
				SDKROOT = iphoneos;
				SWIFT_ACTIVE_COMPILATION_CONDITIONS = DEBUG;
				SWIFT_OPTIMIZATION_LEVEL = "-Onone";
			};
			name = Debug;
		};
		07733D49201007490026F582 /* Release */ = {
			isa = XCBuildConfiguration;
			buildSettings = {
				ALWAYS_SEARCH_USER_PATHS = NO;
				CLANG_ANALYZER_NONNULL = YES;
				CLANG_ANALYZER_NUMBER_OBJECT_CONVERSION = YES_AGGRESSIVE;
				CLANG_CXX_LANGUAGE_STANDARD = "gnu++14";
				CLANG_CXX_LIBRARY = "libc++";
				CLANG_ENABLE_MODULES = YES;
				CLANG_ENABLE_OBJC_ARC = YES;
				CLANG_WARN_BLOCK_CAPTURE_AUTORELEASING = YES;
				CLANG_WARN_BOOL_CONVERSION = YES;
				CLANG_WARN_COMMA = YES;
				CLANG_WARN_CONSTANT_CONVERSION = YES;
				CLANG_WARN_DIRECT_OBJC_ISA_USAGE = YES_ERROR;
				CLANG_WARN_DOCUMENTATION_COMMENTS = YES;
				CLANG_WARN_EMPTY_BODY = YES;
				CLANG_WARN_ENUM_CONVERSION = YES;
				CLANG_WARN_INFINITE_RECURSION = YES;
				CLANG_WARN_INT_CONVERSION = YES;
				CLANG_WARN_NON_LITERAL_NULL_CONVERSION = YES;
				CLANG_WARN_OBJC_LITERAL_CONVERSION = YES;
				CLANG_WARN_OBJC_ROOT_CLASS = YES_ERROR;
				CLANG_WARN_RANGE_LOOP_ANALYSIS = YES;
				CLANG_WARN_STRICT_PROTOTYPES = YES;
				CLANG_WARN_SUSPICIOUS_MOVE = YES;
				CLANG_WARN_UNGUARDED_AVAILABILITY = YES_AGGRESSIVE;
				CLANG_WARN_UNREACHABLE_CODE = YES;
				CLANG_WARN__DUPLICATE_METHOD_MATCH = YES;
				CODE_SIGN_IDENTITY = "iPhone Developer";
				COPY_PHASE_STRIP = NO;
				DEBUG_INFORMATION_FORMAT = "dwarf-with-dsym";
				ENABLE_NS_ASSERTIONS = NO;
				ENABLE_STRICT_OBJC_MSGSEND = YES;
				GCC_C_LANGUAGE_STANDARD = gnu11;
				GCC_NO_COMMON_BLOCKS = YES;
				GCC_WARN_64_TO_32_BIT_CONVERSION = YES;
				GCC_WARN_ABOUT_RETURN_TYPE = YES_ERROR;
				GCC_WARN_UNDECLARED_SELECTOR = YES;
				GCC_WARN_UNINITIALIZED_AUTOS = YES_AGGRESSIVE;
				GCC_WARN_UNUSED_FUNCTION = YES;
				GCC_WARN_UNUSED_VARIABLE = YES;
				IPHONEOS_DEPLOYMENT_TARGET = 11.2;
				MTL_ENABLE_DEBUG_INFO = NO;
				SDKROOT = iphoneos;
				SWIFT_OPTIMIZATION_LEVEL = "-Owholemodule";
				VALIDATE_PRODUCT = YES;
			};
			name = Release;
		};
		07733D4B201007490026F582 /* Debug */ = {
			isa = XCBuildConfiguration;
			buildSettings = {
				ASSETCATALOG_COMPILER_COMPLICATION_NAME = Complication;
				CODE_SIGN_STYLE = Automatic;
				DEVELOPMENT_TEAM = QUNH82DZ4W;
				INFOPLIST_FILE = "slaptrack WatchKit Extension/Info.plist";
				LD_RUNPATH_SEARCH_PATHS = "$(inherited) @executable_path/Frameworks @executable_path/../../Frameworks";
				PRODUCT_BUNDLE_IDENTIFIER = alexanderschuelke.slaptrack.watchkitapp.watchkitextension;
				PRODUCT_NAME = "${TARGET_NAME}";
				SDKROOT = watchos;
				SKIP_INSTALL = YES;
				SWIFT_VERSION = 4.0;
				TARGETED_DEVICE_FAMILY = 4;
				WATCHOS_DEPLOYMENT_TARGET = 4.2;
			};
			name = Debug;
		};
		07733D4C201007490026F582 /* Release */ = {
			isa = XCBuildConfiguration;
			buildSettings = {
				ASSETCATALOG_COMPILER_COMPLICATION_NAME = Complication;
				CODE_SIGN_STYLE = Automatic;
				DEVELOPMENT_TEAM = QUNH82DZ4W;
				INFOPLIST_FILE = "slaptrack WatchKit Extension/Info.plist";
				LD_RUNPATH_SEARCH_PATHS = "$(inherited) @executable_path/Frameworks @executable_path/../../Frameworks";
				PRODUCT_BUNDLE_IDENTIFIER = alexanderschuelke.slaptrack.watchkitapp.watchkitextension;
				PRODUCT_NAME = "${TARGET_NAME}";
				SDKROOT = watchos;
				SKIP_INSTALL = YES;
				SWIFT_VERSION = 4.0;
				TARGETED_DEVICE_FAMILY = 4;
				WATCHOS_DEPLOYMENT_TARGET = 4.2;
			};
			name = Release;
		};
		07733D4F201007490026F582 /* Debug */ = {
			isa = XCBuildConfiguration;
			buildSettings = {
				ALWAYS_EMBED_SWIFT_STANDARD_LIBRARIES = YES;
				ASSETCATALOG_COMPILER_APPICON_NAME = AppIcon;
				CODE_SIGN_STYLE = Automatic;
				DEVELOPMENT_TEAM = QUNH82DZ4W;
				IBSC_MODULE = slaptrack_WatchKit_Extension;
				INFOPLIST_FILE = "slaptrack WatchKit App/Info.plist";
				PRODUCT_BUNDLE_IDENTIFIER = alexanderschuelke.slaptrack.watchkitapp;
				PRODUCT_NAME = "$(TARGET_NAME)";
				SDKROOT = watchos;
				SKIP_INSTALL = YES;
				SWIFT_VERSION = 4.0;
				TARGETED_DEVICE_FAMILY = 4;
				WATCHOS_DEPLOYMENT_TARGET = 4.2;
			};
			name = Debug;
		};
		07733D50201007490026F582 /* Release */ = {
			isa = XCBuildConfiguration;
			buildSettings = {
				ALWAYS_EMBED_SWIFT_STANDARD_LIBRARIES = YES;
				ASSETCATALOG_COMPILER_APPICON_NAME = AppIcon;
				CODE_SIGN_STYLE = Automatic;
				DEVELOPMENT_TEAM = QUNH82DZ4W;
				IBSC_MODULE = slaptrack_WatchKit_Extension;
				INFOPLIST_FILE = "slaptrack WatchKit App/Info.plist";
				PRODUCT_BUNDLE_IDENTIFIER = alexanderschuelke.slaptrack.watchkitapp;
				PRODUCT_NAME = "$(TARGET_NAME)";
				SDKROOT = watchos;
				SKIP_INSTALL = YES;
				SWIFT_VERSION = 4.0;
				TARGETED_DEVICE_FAMILY = 4;
				WATCHOS_DEPLOYMENT_TARGET = 4.2;
			};
			name = Release;
		};
		07733D53201007490026F582 /* Debug */ = {
			isa = XCBuildConfiguration;
			buildSettings = {
				ASSETCATALOG_COMPILER_APPICON_NAME = AppIcon;
				CODE_SIGN_STYLE = Automatic;
				DEVELOPMENT_TEAM = QUNH82DZ4W;
				INFOPLIST_FILE = slaptrack/Info.plist;
				LD_RUNPATH_SEARCH_PATHS = "$(inherited) @executable_path/Frameworks";
				PRODUCT_BUNDLE_IDENTIFIER = alexanderschuelke.slaptrack;
				PRODUCT_NAME = "$(TARGET_NAME)";
				SWIFT_VERSION = 4.0;
				TARGETED_DEVICE_FAMILY = "1,2";
			};
			name = Debug;
		};
		07733D54201007490026F582 /* Release */ = {
			isa = XCBuildConfiguration;
			buildSettings = {
				ASSETCATALOG_COMPILER_APPICON_NAME = AppIcon;
				CODE_SIGN_STYLE = Automatic;
				DEVELOPMENT_TEAM = QUNH82DZ4W;
				INFOPLIST_FILE = slaptrack/Info.plist;
				LD_RUNPATH_SEARCH_PATHS = "$(inherited) @executable_path/Frameworks";
				PRODUCT_BUNDLE_IDENTIFIER = alexanderschuelke.slaptrack;
				PRODUCT_NAME = "$(TARGET_NAME)";
				SWIFT_VERSION = 4.0;
				TARGETED_DEVICE_FAMILY = "1,2";
			};
			name = Release;
		};
		07733D56201007490026F582 /* Debug */ = {
			isa = XCBuildConfiguration;
			buildSettings = {
				ALWAYS_EMBED_SWIFT_STANDARD_LIBRARIES = YES;
				BUNDLE_LOADER = "$(TEST_HOST)";
				CODE_SIGN_STYLE = Automatic;
				DEVELOPMENT_TEAM = QUNH82DZ4W;
				INFOPLIST_FILE = slaptrackTests/Info.plist;
				LD_RUNPATH_SEARCH_PATHS = "$(inherited) @executable_path/Frameworks @loader_path/Frameworks";
				PRODUCT_BUNDLE_IDENTIFIER = alexanderschuelke.slaptrackTests;
				PRODUCT_NAME = "$(TARGET_NAME)";
				SWIFT_VERSION = 4.0;
				TARGETED_DEVICE_FAMILY = "1,2";
				TEST_HOST = "$(BUILT_PRODUCTS_DIR)/slaptrack.app/slaptrack";
			};
			name = Debug;
		};
		07733D57201007490026F582 /* Release */ = {
			isa = XCBuildConfiguration;
			buildSettings = {
				ALWAYS_EMBED_SWIFT_STANDARD_LIBRARIES = YES;
				BUNDLE_LOADER = "$(TEST_HOST)";
				CODE_SIGN_STYLE = Automatic;
				DEVELOPMENT_TEAM = QUNH82DZ4W;
				INFOPLIST_FILE = slaptrackTests/Info.plist;
				LD_RUNPATH_SEARCH_PATHS = "$(inherited) @executable_path/Frameworks @loader_path/Frameworks";
				PRODUCT_BUNDLE_IDENTIFIER = alexanderschuelke.slaptrackTests;
				PRODUCT_NAME = "$(TARGET_NAME)";
				SWIFT_VERSION = 4.0;
				TARGETED_DEVICE_FAMILY = "1,2";
				TEST_HOST = "$(BUILT_PRODUCTS_DIR)/slaptrack.app/slaptrack";
			};
			name = Release;
		};
		07733D59201007490026F582 /* Debug */ = {
			isa = XCBuildConfiguration;
			buildSettings = {
				ALWAYS_EMBED_SWIFT_STANDARD_LIBRARIES = YES;
				CODE_SIGN_STYLE = Automatic;
				DEVELOPMENT_TEAM = QUNH82DZ4W;
				INFOPLIST_FILE = slaptrackUITests/Info.plist;
				LD_RUNPATH_SEARCH_PATHS = "$(inherited) @executable_path/Frameworks @loader_path/Frameworks";
				PRODUCT_BUNDLE_IDENTIFIER = alexanderschuelke.slaptrackUITests;
				PRODUCT_NAME = "$(TARGET_NAME)";
				SWIFT_VERSION = 4.0;
				TARGETED_DEVICE_FAMILY = "1,2";
				TEST_TARGET_NAME = slaptrack;
			};
			name = Debug;
		};
		07733D5A201007490026F582 /* Release */ = {
			isa = XCBuildConfiguration;
			buildSettings = {
				ALWAYS_EMBED_SWIFT_STANDARD_LIBRARIES = YES;
				CODE_SIGN_STYLE = Automatic;
				DEVELOPMENT_TEAM = QUNH82DZ4W;
				INFOPLIST_FILE = slaptrackUITests/Info.plist;
				LD_RUNPATH_SEARCH_PATHS = "$(inherited) @executable_path/Frameworks @loader_path/Frameworks";
				PRODUCT_BUNDLE_IDENTIFIER = alexanderschuelke.slaptrackUITests;
				PRODUCT_NAME = "$(TARGET_NAME)";
				SWIFT_VERSION = 4.0;
				TARGETED_DEVICE_FAMILY = "1,2";
				TEST_TARGET_NAME = slaptrack;
			};
			name = Release;
		};
/* End XCBuildConfiguration section */

/* Begin XCConfigurationList section */
		07733CFD201007490026F582 /* Build configuration list for PBXProject "slaptrack" */ = {
			isa = XCConfigurationList;
			buildConfigurations = (
				07733D48201007490026F582 /* Debug */,
				07733D49201007490026F582 /* Release */,
			);
			defaultConfigurationIsVisible = 0;
			defaultConfigurationName = Release;
		};
		07733D4A201007490026F582 /* Build configuration list for PBXNativeTarget "slaptrack WatchKit Extension" */ = {
			isa = XCConfigurationList;
			buildConfigurations = (
				07733D4B201007490026F582 /* Debug */,
				07733D4C201007490026F582 /* Release */,
			);
			defaultConfigurationIsVisible = 0;
			defaultConfigurationName = Release;
		};
		07733D4E201007490026F582 /* Build configuration list for PBXNativeTarget "slaptrack WatchKit App" */ = {
			isa = XCConfigurationList;
			buildConfigurations = (
				07733D4F201007490026F582 /* Debug */,
				07733D50201007490026F582 /* Release */,
			);
			defaultConfigurationIsVisible = 0;
			defaultConfigurationName = Release;
		};
		07733D52201007490026F582 /* Build configuration list for PBXNativeTarget "slaptrack" */ = {
			isa = XCConfigurationList;
			buildConfigurations = (
				07733D53201007490026F582 /* Debug */,
				07733D54201007490026F582 /* Release */,
			);
			defaultConfigurationIsVisible = 0;
			defaultConfigurationName = Release;
		};
		07733D55201007490026F582 /* Build configuration list for PBXNativeTarget "slaptrackTests" */ = {
			isa = XCConfigurationList;
			buildConfigurations = (
				07733D56201007490026F582 /* Debug */,
				07733D57201007490026F582 /* Release */,
			);
			defaultConfigurationIsVisible = 0;
			defaultConfigurationName = Release;
		};
		07733D58201007490026F582 /* Build configuration list for PBXNativeTarget "slaptrackUITests" */ = {
			isa = XCConfigurationList;
			buildConfigurations = (
				07733D59201007490026F582 /* Debug */,
				07733D5A201007490026F582 /* Release */,
			);
			defaultConfigurationIsVisible = 0;
			defaultConfigurationName = Release;
		};
/* End XCConfigurationList section */
	};
	rootObject = 07733CFA201007490026F582 /* Project object */;
}
